
Microsoft Visual Studio Solution File, Format Version 12.00
# Visual Studio 15
VisualStudioVersion = 15.0.27130.2036
MinimumVisualStudioVersion = 10.0.40219.1
Project("{FAE04EC0-301F-11D3-BF4B-00C04F79EFBC}") = "IDH7A1", "IDH7A1\IDH7A1.csproj", "{169D5ED2-99C1-455D-92EB-F92FCF986D9A}"
EndProject
Global
	GlobalSection(SolutionConfigurationPlatforms) = preSolution
		Debug|Any CPU = Debug|Any CPU
		Release|Any CPU = Release|Any CPU
	EndGlobalSection
	GlobalSection(ProjectConfigurationPlatforms) = postSolution
		{169D5ED2-99C1-455D-92EB-F92FCF986D9A}.Debug|Any CPU.ActiveCfg = Debug|Any CPU
		{169D5ED2-99C1-455D-92EB-F92FCF986D9A}.Debug|Any CPU.Build.0 = Debug|Any CPU
		{169D5ED2-99C1-455D-92EB-F92FCF986D9A}.Release|Any CPU.ActiveCfg = Release|Any CPU
		{169D5ED2-99C1-455D-92EB-F92FCF986D9A}.Release|Any CPU.Build.0 = Release|Any CPU
	EndGlobalSection
	GlobalSection(SolutionProperties) = preSolution
		HideSolutionNode = FALSE
	EndGlobalSection
	GlobalSection(ExtensibilityGlobals) = postSolution
		SolutionGuid = {74FE1AD7-106F-47A5-A4A2-D06D356FCCBF}
	EndGlobalSection
EndGlobal
